<?xml version="1.0" encoding="utf-8"?>
<Project ToolsVersion="4.0" xmlns="http://schemas.microsoft.com/developer/msbuild/2003">
  <ItemGroup>
    <Filter Include="Resource Files">
      <UniqueIdentifier>{67DA6AB6-F800-4c08-8B7A-83BB121AAD01}</UniqueIdentifier>
      <Extensions>rc;ico;cur;bmp;dlg;rc2;rct;bin;rgs;gif;jpg;jpeg;jpe;resx;tiff;tif;png;wav;mfcribbon-ms</Extensions>
    </Filter>
    <Filter Include="source">
      <UniqueIdentifier>{00bff41e-dcef-4017-9ca5-f651beb5de96}</UniqueIdentifier>
    </Filter>
    <Filter Include="source\Character">
      <UniqueIdentifier>{742215fb-4928-4375-b35f-4fecca306235}</UniqueIdentifier>
    </Filter>
    <Filter Include="source\GameManager">
      <UniqueIdentifier>{62c36100-a26d-4d32-81b0-a4f4a0fe8855}</UniqueIdentifier>
    </Filter>
    <Filter Include="source\Item">
      <UniqueIdentifier>{fb4bc745-399e-4954-be46-b7fef2e378a1}</UniqueIdentifier>
    </Filter>
    <Filter Include="source\Monster">
      <UniqueIdentifier>{b705be71-3814-424a-a031-b3a50ad22ba1}</UniqueIdentifier>
    </Filter>
    <Filter Include="source\Shop">
      <UniqueIdentifier>{bf9299b0-bfe9-4ba2-83fc-041dc80e43b4}</UniqueIdentifier>
    </Filter>
    <Filter Include="include">
      <UniqueIdentifier>{7ef0a884-17c3-46bf-b53b-5b122d74e94d}</UniqueIdentifier>
    </Filter>
    <Filter Include="include\Character">
      <UniqueIdentifier>{51d5ee52-6e76-4c46-89d0-3dc34c4f57ac}</UniqueIdentifier>
    </Filter>
    <Filter Include="include\GameManager">
      <UniqueIdentifier>{536cda29-d90e-4e56-914f-8840fe5d41e0}</UniqueIdentifier>
    </Filter>
    <Filter Include="include\Item">
      <UniqueIdentifier>{2d9c8f2f-8c49-4700-8207-47a3a6c8e14a}</UniqueIdentifier>
    </Filter>
    <Filter Include="include\Monster">
      <UniqueIdentifier>{1c371e8b-2346-44d8-ada2-c6526d4c3711}</UniqueIdentifier>
    </Filter>
    <Filter Include="include\Shop">
      <UniqueIdentifier>{a3613dee-e7a7-422f-874a-14f4f79159c4}</UniqueIdentifier>
    </Filter>
  </ItemGroup>
  <ItemGroup>
    <ClCompile Include="Master.cpp">
      <Filter>source</Filter>
    </ClCompile>
    <ClCompile Include="Character.cpp">
      <Filter>source\Character</Filter>
    </ClCompile>
    <ClCompile Include="GameManager.cpp">
      <Filter>source\GameManager</Filter>
    </ClCompile>
    <ClCompile Include="Item.cpp">
      <Filter>source\Item</Filter>
    </ClCompile>
    <ClCompile Include="Monster.cpp">
      <Filter>source\Monster</Filter>
    </ClCompile>
    <ClCompile Include="shop.cpp">
      <Filter>source\Shop</Filter>
    </ClCompile>
  </ItemGroup>
  <ItemGroup>
    <ClInclude Include="Character.h">
      <Filter>include\Character</Filter>
    </ClInclude>
    <ClInclude Include="GameManager.h">
      <Filter>include\GameManager</Filter>
    </ClInclude>
    <ClInclude Include="Item.h">
      <Filter>include\Item</Filter>
    </ClInclude>
    <ClInclude Include="Monster.h">
      <Filter>include\Monster</Filter>
    </ClInclude>
    <ClInclude Include="Shop.h">
      <Filter>include\Shop</Filter>
    </ClInclude>
  </ItemGroup>
</Project>